// !$*UTF8*$!
{
	archiveVersion = 1;
	classes = {
	};
	objectVersion = 50;
	objects = {

/* Begin PBXBuildFile section */
		4E4A9ED6265FBEBA00AA9553 /* testApp.swift in Sources */ = {isa = PBXBuildFile; fileRef = 4E4A9ED5265FBEBA00AA9553 /* testApp.swift */; };
		4E4A9ED8265FBEBA00AA9553 /* ContentView.swift in Sources */ = {isa = PBXBuildFile; fileRef = 4E4A9ED7265FBEBA00AA9553 /* ContentView.swift */; };
		4E4A9EDA265FBEBC00AA9553 /* Assets.xcassets in Resources */ = {isa = PBXBuildFile; fileRef = 4E4A9ED9265FBEBC00AA9553 /* Assets.xcassets */; };
		4E4A9EDD265FBEBC00AA9553 /* Preview Assets.xcassets in Resources */ = {isa = PBXBuildFile; fileRef = 4E4A9EDC265FBEBC00AA9553 /* Preview Assets.xcassets */; };
		4E4A9EE8265FBEBC00AA9553 /* testTests.swift in Sources */ = {isa = PBXBuildFile; fileRef = 4E4A9EE7265FBEBC00AA9553 /* testTests.swift */; };
		4E4A9EF3265FBEBC00AA9553 /* testUITests.swift in Sources */ = {isa = PBXBuildFile; fileRef = 4E4A9EF2265FBEBC00AA9553 /* testUITests.swift */; };
		4E4A9F142660A53F00AA9553 /* ImagePicker.swift in Sources */ = {isa = PBXBuildFile; fileRef = 4E4A9F132660A53F00AA9553 /* ImagePicker.swift */; };
/* End PBXBuildFile section */

/* Begin PBXContainerItemProxy section */
		4E4A9EE4265FBEBC00AA9553 /* PBXContainerItemProxy */ = {
			isa = PBXContainerItemProxy;
			containerPortal = 4E4A9ECA265FBEBA00AA9553 /* Project object */;
			proxyType = 1;
			remoteGlobalIDString = 4E4A9ED1265FBEBA00AA9553;
			remoteInfo = test;
		};
		4E4A9EEF265FBEBC00AA9553 /* PBXContainerItemProxy */ = {
			isa = PBXContainerItemProxy;
			containerPortal = 4E4A9ECA265FBEBA00AA9553 /* Project object */;
			proxyType = 1;
			remoteGlobalIDString = 4E4A9ED1265FBEBA00AA9553;
			remoteInfo = test;
		};
/* End PBXContainerItemProxy section */

/* Begin PBXFileReference section */
		4E4A9ED2265FBEBA00AA9553 /* test.app */ = {isa = PBXFileReference; explicitFileType = wrapper.application; includeInIndex = 0; path = test.app; sourceTree = BUILT_PRODUCTS_DIR; };
		4E4A9ED5265FBEBA00AA9553 /* testApp.swift */ = {isa = PBXFileReference; lastKnownFileType = sourcecode.swift; path = testApp.swift; sourceTree = "<group>"; };
		4E4A9ED7265FBEBA00AA9553 /* ContentView.swift */ = {isa = PBXFileReference; lastKnownFileType = sourcecode.swift; path = ContentView.swift; sourceTree = "<group>"; };
		4E4A9ED9265FBEBC00AA9553 /* Assets.xcassets */ = {isa = PBXFileReference; lastKnownFileType = folder.assetcatalog; path = Assets.xcassets; sourceTree = "<group>"; };
		4E4A9EDC265FBEBC00AA9553 /* Preview Assets.xcassets */ = {isa = PBXFileReference; lastKnownFileType = folder.assetcatalog; path = "Preview Assets.xcassets"; sourceTree = "<group>"; };
		4E4A9EDE265FBEBC00AA9553 /* Info.plist */ = {isa = PBXFileReference; lastKnownFileType = text.plist.xml; path = Info.plist; sourceTree = "<group>"; };
		4E4A9EE3265FBEBC00AA9553 /* testTests.xctest */ = {isa = PBXFileReference; explicitFileType = wrapper.cfbundle; includeInIndex = 0; path = testTests.xctest; sourceTree = BUILT_PRODUCTS_DIR; };
		4E4A9EE7265FBEBC00AA9553 /* testTests.swift */ = {isa = PBXFileReference; lastKnownFileType = sourcecode.swift; path = testTests.swift; sourceTree = "<group>"; };
		4E4A9EE9265FBEBC00AA9553 /* Info.plist */ = {isa = PBXFileReference; lastKnownFileType = text.plist.xml; path = Info.plist; sourceTree = "<group>"; };
		4E4A9EEE265FBEBC00AA9553 /* testUITests.xctest */ = {isa = PBXFileReference; explicitFileType = wrapper.cfbundle; includeInIndex = 0; path = testUITests.xctest; sourceTree = BUILT_PRODUCTS_DIR; };
		4E4A9EF2265FBEBC00AA9553 /* testUITests.swift */ = {isa = PBXFileReference; lastKnownFileType = sourcecode.swift; path = testUITests.swift; sourceTree = "<group>"; };
		4E4A9EF4265FBEBC00AA9553 /* Info.plist */ = {isa = PBXFileReference; lastKnownFileType = text.plist.xml; path = Info.plist; sourceTree = "<group>"; };
		4E4A9F132660A53F00AA9553 /* ImagePicker.swift */ = {isa = PBXFileReference; lastKnownFileType = sourcecode.swift; path = ImagePicker.swift; sourceTree = "<group>"; };
/* End PBXFileReference section */

/* Begin PBXFrameworksBuildPhase section */
		4E4A9ECF265FBEBA00AA9553 /* Frameworks */ = {
			isa = PBXFrameworksBuildPhase;
			buildActionMask = 2147483647;
			files = (
			);
			runOnlyForDeploymentPostprocessing = 0;
		};
		4E4A9EE0265FBEBC00AA9553 /* Frameworks */ = {
			isa = PBXFrameworksBuildPhase;
			buildActionMask = 2147483647;
			files = (
			);
			runOnlyForDeploymentPostprocessing = 0;
		};
		4E4A9EEB265FBEBC00AA9553 /* Frameworks */ = {
			isa = PBXFrameworksBuildPhase;
			buildActionMask = 2147483647;
			files = (
			);
			runOnlyForDeploymentPostprocessing = 0;
		};
/* End PBXFrameworksBuildPhase section */

/* Begin PBXGroup section */
		4E4A9EC9265FBEBA00AA9553 = {
			isa = PBXGroup;
			children = (
				4E4A9ED4265FBEBA00AA9553 /* test */,
				4E4A9EE6265FBEBC00AA9553 /* testTests */,
				4E4A9EF1265FBEBC00AA9553 /* testUITests */,
				4E4A9ED3265FBEBA00AA9553 /* Products */,
			);
			sourceTree = "<group>";
		};
		4E4A9ED3265FBEBA00AA9553 /* Products */ = {
			isa = PBXGroup;
			children = (
				4E4A9ED2265FBEBA00AA9553 /* test.app */,
				4E4A9EE3265FBEBC00AA9553 /* testTests.xctest */,
				4E4A9EEE265FBEBC00AA9553 /* testUITests.xctest */,
			);
			name = Products;
			sourceTree = "<group>";
		};
		4E4A9ED4265FBEBA00AA9553 /* test */ = {
			isa = PBXGroup;
			children = (
				4E4A9F122660A52200AA9553 /* method3 */,
				4E4A9F0F2660A18000AA9553 /* method2 */,
				4E4A9F0E2660A16100AA9553 /* method1 */,
				4E4A9ED5265FBEBA00AA9553 /* testApp.swift */,
				4E4A9ED7265FBEBA00AA9553 /* ContentView.swift */,
				4E4A9ED9265FBEBC00AA9553 /* Assets.xcassets */,
				4E4A9EDE265FBEBC00AA9553 /* Info.plist */,
				4E4A9EDB265FBEBC00AA9553 /* Preview Content */,
			);
			path = test;
			sourceTree = "<group>";
		};
		4E4A9EDB265FBEBC00AA9553 /* Preview Content */ = {
			isa = PBXGroup;
			children = (
				4E4A9EDC265FBEBC00AA9553 /* Preview Assets.xcassets */,
			);
			path = "Preview Content";
			sourceTree = "<group>";
		};
		4E4A9EE6265FBEBC00AA9553 /* testTests */ = {
			isa = PBXGroup;
			children = (
				4E4A9EE7265FBEBC00AA9553 /* testTests.swift */,
				4E4A9EE9265FBEBC00AA9553 /* Info.plist */,
			);
			path = testTests;
			sourceTree = "<group>";
		};
		4E4A9EF1265FBEBC00AA9553 /* testUITests */ = {
			isa = PBXGroup;
			children = (
				4E4A9EF2265FBEBC00AA9553 /* testUITests.swift */,
				4E4A9EF4265FBEBC00AA9553 /* Info.plist */,
			);
			path = testUITests;
			sourceTree = "<group>";
		};
		4E4A9F0E2660A16100AA9553 /* method1 */ = {
			isa = PBXGroup;
			children = (
			);
			path = method1;
			sourceTree = "<group>";
		};
		4E4A9F0F2660A18000AA9553 /* method2 */ = {
			isa = PBXGroup;
			children = (
			);
			path = method2;
			sourceTree = "<group>";
		};
		4E4A9F122660A52200AA9553 /* method3 */ = {
			isa = PBXGroup;
			children = (
				4E4A9F132660A53F00AA9553 /* ImagePicker.swift */,
			);
			path = method3;
			sourceTree = "<group>";
		};
/* End PBXGroup section */

/* Begin PBXNativeTarget section */
		4E4A9ED1265FBEBA00AA9553 /* test */ = {
			isa = PBXNativeTarget;
			buildConfigurationList = 4E4A9EF7265FBEBC00AA9553 /* Build configuration list for PBXNativeTarget "test" */;
			buildPhases = (
				4E4A9ECE265FBEBA00AA9553 /* Sources */,
				4E4A9ECF265FBEBA00AA9553 /* Frameworks */,
				4E4A9ED0265FBEBA00AA9553 /* Resources */,
			);
			buildRules = (
			);
			dependencies = (
			);
			name = test;
			productName = test;
			productReference = 4E4A9ED2265FBEBA00AA9553 /* test.app */;
			productType = "com.apple.product-type.application";
		};
		4E4A9EE2265FBEBC00AA9553 /* testTests */ = {
			isa = PBXNativeTarget;
			buildConfigurationList = 4E4A9EFA265FBEBC00AA9553 /* Build configuration list for PBXNativeTarget "testTests" */;
			buildPhases = (
				4E4A9EDF265FBEBC00AA9553 /* Sources */,
				4E4A9EE0265FBEBC00AA9553 /* Frameworks */,
				4E4A9EE1265FBEBC00AA9553 /* Resources */,
			);
			buildRules = (
			);
			dependencies = (
				4E4A9EE5265FBEBC00AA9553 /* PBXTargetDependency */,
			);
			name = testTests;
			productName = testTests;
			productReference = 4E4A9EE3265FBEBC00AA9553 /* testTests.xctest */;
			productType = "com.apple.product-type.bundle.unit-test";
		};
		4E4A9EED265FBEBC00AA9553 /* testUITests */ = {
			isa = PBXNativeTarget;
			buildConfigurationList = 4E4A9EFD265FBEBC00AA9553 /* Build configuration list for PBXNativeTarget "testUITests" */;
			buildPhases = (
				4E4A9EEA265FBEBC00AA9553 /* Sources */,
				4E4A9EEB265FBEBC00AA9553 /* Frameworks */,
				4E4A9EEC265FBEBC00AA9553 /* Resources */,
			);
			buildRules = (
			);
			dependencies = (
				4E4A9EF0265FBEBC00AA9553 /* PBXTargetDependency */,
			);
			name = testUITests;
			productName = testUITests;
			productReference = 4E4A9EEE265FBEBC00AA9553 /* testUITests.xctest */;
			productType = "com.apple.product-type.bundle.ui-testing";
		};
/* End PBXNativeTarget section */

/* Begin PBXProject section */
		4E4A9ECA265FBEBA00AA9553 /* Project object */ = {
			isa = PBXProject;
			attributes = {
				LastSwiftUpdateCheck = 1250;
				LastUpgradeCheck = 1250;
				TargetAttributes = {
					4E4A9ED1265FBEBA00AA9553 = {
						CreatedOnToolsVersion = 12.5;
					};
					4E4A9EE2265FBEBC00AA9553 = {
						CreatedOnToolsVersion = 12.5;
						TestTargetID = 4E4A9ED1265FBEBA00AA9553;
					};
					4E4A9EED265FBEBC00AA9553 = {
						CreatedOnToolsVersion = 12.5;
						TestTargetID = 4E4A9ED1265FBEBA00AA9553;
					};
				};
			};
			buildConfigurationList = 4E4A9ECD265FBEBA00AA9553 /* Build configuration list for PBXProject "test" */;
			compatibilityVersion = "Xcode 9.3";
			developmentRegion = en;
			hasScannedForEncodings = 0;
			knownRegions = (
				en,
				Base,
			);
			mainGroup = 4E4A9EC9265FBEBA00AA9553;
			productRefGroup = 4E4A9ED3265FBEBA00AA9553 /* Products */;
			projectDirPath = "";
			projectRoot = "";
			targets = (
				4E4A9ED1265FBEBA00AA9553 /* test */,
				4E4A9EE2265FBEBC00AA9553 /* testTests */,
				4E4A9EED265FBEBC00AA9553 /* testUITests */,
			);
		};
/* End PBXProject section */

/* Begin PBXResourcesBuildPhase section */
		4E4A9ED0265FBEBA00AA9553 /* Resources */ = {
			isa = PBXResourcesBuildPhase;
			buildActionMask = 2147483647;
			files = (
				4E4A9EDD265FBEBC00AA9553 /* Preview Assets.xcassets in Resources */,
				4E4A9EDA265FBEBC00AA9553 /* Assets.xcassets in Resources */,
			);
			runOnlyForDeploymentPostprocessing = 0;
		};
		4E4A9EE1265FBEBC00AA9553 /* Resources */ = {
			isa = PBXResourcesBuildPhase;
			buildActionMask = 2147483647;
			files = (
			);
			runOnlyForDeploymentPostprocessing = 0;
		};
		4E4A9EEC265FBEBC00AA9553 /* Resources */ = {
			isa = PBXResourcesBuildPhase;
			buildActionMask = 2147483647;
			files = (
			);
			runOnlyForDeploymentPostprocessing = 0;
		};
/* End PBXResourcesBuildPhase section */

/* Begin PBXSourcesBuildPhase section */
		4E4A9ECE265FBEBA00AA9553 /* Sources */ = {
			isa = PBXSourcesBuildPhase;
			buildActionMask = 2147483647;
			files = (
				4E4A9ED8265FBEBA00AA9553 /* ContentView.swift in Sources */,
				4E4A9F142660A53F00AA9553 /* ImagePicker.swift in Sources */,
				4E4A9ED6265FBEBA00AA9553 /* testApp.swift in Sources */,
			);
			runOnlyForDeploymentPostprocessing = 0;
		};
		4E4A9EDF265FBEBC00AA9553 /* Sources */ = {
			isa = PBXSourcesBuildPhase;
			buildActionMask = 2147483647;
			files = (
				4E4A9EE8265FBEBC00AA9553 /* testTests.swift in Sources */,
			);
			runOnlyForDeploymentPostprocessing = 0;
		};
		4E4A9EEA265FBEBC00AA9553 /* Sources */ = {
			isa = PBXSourcesBuildPhase;
			buildActionMask = 2147483647;
			files = (
				4E4A9EF3265FBEBC00AA9553 /* testUITests.swift in Sources */,
			);
			runOnlyForDeploymentPostprocessing = 0;
		};
/* End PBXSourcesBuildPhase section */

/* Begin PBXTargetDependency section */
		4E4A9EE5265FBEBC00AA9553 /* PBXTargetDependency */ = {
			isa = PBXTargetDependency;
			target = 4E4A9ED1265FBEBA00AA9553 /* test */;
			targetProxy = 4E4A9EE4265FBEBC00AA9553 /* PBXContainerItemProxy */;
		};
		4E4A9EF0265FBEBC00AA9553 /* PBXTargetDependency */ = {
			isa = PBXTargetDependency;
			target = 4E4A9ED1265FBEBA00AA9553 /* test */;
			targetProxy = 4E4A9EEF265FBEBC00AA9553 /* PBXContainerItemProxy */;
		};
/* End PBXTargetDependency section */

/* Begin XCBuildConfiguration section */
		4E4A9EF5265FBEBC00AA9553 /* Debug */ = {
			isa = XCBuildConfiguration;
			buildSettings = {
				ALWAYS_SEARCH_USER_PATHS = NO;
				CLANG_ANALYZER_NONNULL = YES;
				CLANG_ANALYZER_NUMBER_OBJECT_CONVERSION = YES_AGGRESSIVE;
				CLANG_CXX_LANGUAGE_STANDARD = "gnu++14";
				CLANG_CXX_LIBRARY = "libc++";
				CLANG_ENABLE_MODULES = YES;
				CLANG_ENABLE_OBJC_ARC = YES;
				CLANG_ENABLE_OBJC_WEAK = YES;
				CLANG_WARN_BLOCK_CAPTURE_AUTORELEASING = YES;
				CLANG_WARN_BOOL_CONVERSION = YES;
				CLANG_WARN_COMMA = YES;
				CLANG_WARN_CONSTANT_CONVERSION = YES;
				CLANG_WARN_DEPRECATED_OBJC_IMPLEMENTATIONS = YES;
				CLANG_WARN_DIRECT_OBJC_ISA_USAGE = YES_ERROR;
				CLANG_WARN_DOCUMENTATION_COMMENTS = YES;
				CLANG_WARN_EMPTY_BODY = YES;
				CLANG_WARN_ENUM_CONVERSION = YES;
				CLANG_WARN_INFINITE_RECURSION = YES;
				CLANG_WARN_INT_CONVERSION = YES;
				CLANG_WARN_NON_LITERAL_NULL_CONVERSION = YES;
				CLANG_WARN_OBJC_IMPLICIT_RETAIN_SELF = YES;
				CLANG_WARN_OBJC_LITERAL_CONVERSION = YES;
				CLANG_WARN_OBJC_ROOT_CLASS = YES_ERROR;
				CLANG_WARN_QUOTED_INCLUDE_IN_FRAMEWORK_HEADER = YES;
				CLANG_WARN_RANGE_LOOP_ANALYSIS = YES;
				CLANG_WARN_STRICT_PROTOTYPES = YES;
				CLANG_WARN_SUSPICIOUS_MOVE = YES;
				CLANG_WARN_UNGUARDED_AVAILABILITY = YES_AGGRESSIVE;
				CLANG_WARN_UNREACHABLE_CODE = YES;
				CLANG_WARN__DUPLICATE_METHOD_MATCH = YES;
				COPY_PHASE_STRIP = NO;
				DEBUG_INFORMATION_FORMAT = dwarf;
				ENABLE_STRICT_OBJC_MSGSEND = YES;
				ENABLE_TESTABILITY = YES;
				GCC_C_LANGUAGE_STANDARD = gnu11;
				GCC_DYNAMIC_NO_PIC = NO;
				GCC_NO_COMMON_BLOCKS = YES;
				GCC_OPTIMIZATION_LEVEL = 0;
				GCC_PREPROCESSOR_DEFINITIONS = (
					"DEBUG=1",
					"$(inherited)",
				);
				GCC_WARN_64_TO_32_BIT_CONVERSION = YES;
				GCC_WARN_ABOUT_RETURN_TYPE = YES_ERROR;
				GCC_WARN_UNDECLARED_SELECTOR = YES;
				GCC_WARN_UNINITIALIZED_AUTOS = YES_AGGRESSIVE;
				GCC_WARN_UNUSED_FUNCTION = YES;
				GCC_WARN_UNUSED_VARIABLE = YES;
				IPHONEOS_DEPLOYMENT_TARGET = 14.5;
				MTL_ENABLE_DEBUG_INFO = INCLUDE_SOURCE;
				MTL_FAST_MATH = YES;
				ONLY_ACTIVE_ARCH = YES;
				SDKROOT = iphoneos;
				SWIFT_ACTIVE_COMPILATION_CONDITIONS = DEBUG;
				SWIFT_OPTIMIZATION_LEVEL = "-Onone";
			};
			name = Debug;
		};
		4E4A9EF6265FBEBC00AA9553 /* Release */ = {
			isa = XCBuildConfiguration;
			buildSettings = {
				ALWAYS_SEARCH_USER_PATHS = NO;
				CLANG_ANALYZER_NONNULL = YES;
				CLANG_ANALYZER_NUMBER_OBJECT_CONVERSION = YES_AGGRESSIVE;
				CLANG_CXX_LANGUAGE_STANDARD = "gnu++14";
				CLANG_CXX_LIBRARY = "libc++";
				CLANG_ENABLE_MODULES = YES;
				CLANG_ENABLE_OBJC_ARC = YES;
				CLANG_ENABLE_OBJC_WEAK = YES;
				CLANG_WARN_BLOCK_CAPTURE_AUTORELEASING = YES;
				CLANG_WARN_BOOL_CONVERSION = YES;
				CLANG_WARN_COMMA = YES;
				CLANG_WARN_CONSTANT_CONVERSION = YES;
				CLANG_WARN_DEPRECATED_OBJC_IMPLEMENTATIONS = YES;
				CLANG_WARN_DIRECT_OBJC_ISA_USAGE = YES_ERROR;
				CLANG_WARN_DOCUMENTATION_COMMENTS = YES;
				CLANG_WARN_EMPTY_BODY = YES;
				CLANG_WARN_ENUM_CONVERSION = YES;
				CLANG_WARN_INFINITE_RECURSION = YES;
				CLANG_WARN_INT_CONVERSION = YES;
				CLANG_WARN_NON_LITERAL_NULL_CONVERSION = YES;
				CLANG_WARN_OBJC_IMPLICIT_RETAIN_SELF = YES;
				CLANG_WARN_OBJC_LITERAL_CONVERSION = YES;
				CLANG_WARN_OBJC_ROOT_CLASS = YES_ERROR;
				CLANG_WARN_QUOTED_INCLUDE_IN_FRAMEWORK_HEADER = YES;
				CLANG_WARN_RANGE_LOOP_ANALYSIS = YES;
				CLANG_WARN_STRICT_PROTOTYPES = YES;
				CLANG_WARN_SUSPICIOUS_MOVE = YES;
				CLANG_WARN_UNGUARDED_AVAILABILITY = YES_AGGRESSIVE;
				CLANG_WARN_UNREACHABLE_CODE = YES;
				CLANG_WARN__DUPLICATE_METHOD_MATCH = YES;
				COPY_PHASE_STRIP = NO;
				DEBUG_INFORMATION_FORMAT = "dwarf-with-dsym";
				ENABLE_NS_ASSERTIONS = NO;
				ENABLE_STRICT_OBJC_MSGSEND = YES;
				GCC_C_LANGUAGE_STANDARD = gnu11;
				GCC_NO_COMMON_BLOCKS = YES;
				GCC_WARN_64_TO_32_BIT_CONVERSION = YES;
				GCC_WARN_ABOUT_RETURN_TYPE = YES_ERROR;
				GCC_WARN_UNDECLARED_SELECTOR = YES;
				GCC_WARN_UNINITIALIZED_AUTOS = YES_AGGRESSIVE;
				GCC_WARN_UNUSED_FUNCTION = YES;
				GCC_WARN_UNUSED_VARIABLE = YES;
				IPHONEOS_DEPLOYMENT_TARGET = 14.5;
				MTL_ENABLE_DEBUG_INFO = NO;
				MTL_FAST_MATH = YES;
				SDKROOT = iphoneos;
				SWIFT_COMPILATION_MODE = wholemodule;
				SWIFT_OPTIMIZATION_LEVEL = "-O";
				VALIDATE_PRODUCT = YES;
			};
			name = Release;
		};
		4E4A9EF8265FBEBC00AA9553 /* Debug */ = {
			isa = XCBuildConfiguration;
			buildSettings = {
				ASSETCATALOG_COMPILER_APPICON_NAME = AppIcon;
				ASSETCATALOG_COMPILER_GLOBAL_ACCENT_COLOR_NAME = AccentColor;
				CODE_SIGN_STYLE = Automatic;
				DEVELOPMENT_ASSET_PATHS = "\"test/Preview Content\"";
				DEVELOPMENT_TEAM = 4VCY75T585;
				ENABLE_PREVIEWS = YES;
				INFOPLIST_FILE = test/Info.plist;
				IPHONEOS_DEPLOYMENT_TARGET = 14.0;
				LD_RUNPATH_SEARCH_PATHS = (
					"$(inherited)",
					"@executable_path/Frameworks",
				);
				PRODUCT_BUNDLE_IDENTIFIER = com.runoob.test;
				PRODUCT_NAME = "$(TARGET_NAME)";
				SWIFT_VERSION = 5.0;
				TARGETED_DEVICE_FAMILY = "1,2";
			};
			name = Debug;
		};
		4E4A9EF9265FBEBC00AA9553 /* Release */ = {
			isa = XCBuildConfiguration;
			buildSettings = {
				ASSETCATALOG_COMPILER_APPICON_NAME = AppIcon;
				ASSETCATALOG_COMPILER_GLOBAL_ACCENT_COLOR_NAME = AccentColor;
				CODE_SIGN_STYLE = Automatic;
				DEVELOPMENT_ASSET_PATHS = "\"test/Preview Content\"";
				DEVELOPMENT_TEAM = 4VCY75T585;
				ENABLE_PREVIEWS = YES;
				INFOPLIST_FILE = test/Info.plist;
				IPHONEOS_DEPLOYMENT_TARGET = 14.0;
				LD_RUNPATH_SEARCH_PATHS = (
					"$(inherited)",
					"@executable_path/Frameworks",
				);
				PRODUCT_BUNDLE_IDENTIFIER = com.runoob.test;
				PRODUCT_NAME = "$(TARGET_NAME)";
				SWIFT_VERSION = 5.0;
				TARGETED_DEVICE_FAMILY = "1,2";
			};
			name = Release;
		};
		4E4A9EFB265FBEBC00AA9553 /* Debug */ = {
			isa = XCBuildConfiguration;
			buildSettings = {
				ALWAYS_EMBED_SWIFT_STANDARD_LIBRARIES = YES;
				BUNDLE_LOADER = "$(TEST_HOST)";
				CODE_SIGN_STYLE = Automatic;
				DEVELOPMENT_TEAM = 4VCY75T585;
				INFOPLIST_FILE = testTests/Info.plist;
				IPHONEOS_DEPLOYMENT_TARGET = 14.0;
				LD_RUNPATH_SEARCH_PATHS = (
					"$(inherited)",
					"@executable_path/Frameworks",
					"@loader_path/Frameworks",
				);
				PRODUCT_BUNDLE_IDENTIFIER = com.runoob.testTests;
				PRODUCT_NAME = "$(TARGET_NAME)";
				SWIFT_VERSION = 5.0;
				TARGETED_DEVICE_FAMILY = "1,2";
				TEST_HOST = "$(BUILT_PRODUCTS_DIR)/test.app/test";
			};
			name = Debug;
		};
		4E4A9EFC265FBEBC00AA9553 /* Release */ = {
			isa = XCBuildConfiguration;
			buildSettings = {
				ALWAYS_EMBED_SWIFT_STANDARD_LIBRARIES = YES;
				BUNDLE_LOADER = "$(TEST_HOST)";
				CODE_SIGN_STYLE = Automatic;
				DEVELOPMENT_TEAM = 4VCY75T585;
				INFOPLIST_FILE = testTests/Info.plist;
				IPHONEOS_DEPLOYMENT_TARGET = 14.0;
				LD_RUNPATH_SEARCH_PATHS = (
					"$(inherited)",
					"@executable_path/Frameworks",
					"@loader_path/Frameworks",
				);
				PRODUCT_BUNDLE_IDENTIFIER = com.runoob.testTests;
				PRODUCT_NAME = "$(TARGET_NAME)";
				SWIFT_VERSION = 5.0;
				TARGETED_DEVICE_FAMILY = "1,2";
				TEST_HOST = "$(BUILT_PRODUCTS_DIR)/test.app/test";
			};
			name = Release;
		};
		4E4A9EFE265FBEBC00AA9553 /* Debug */ = {
			isa = XCBuildConfiguration;
			buildSettings = {
				ALWAYS_EMBED_SWIFT_STANDARD_LIBRARIES = YES;
				CODE_SIGN_STYLE = Automatic;
				DEVELOPMENT_TEAM = 4VCY75T585;
				INFOPLIST_FILE = testUITests/Info.plist;
				LD_RUNPATH_SEARCH_PATHS = (
					"$(inherited)",
					"@executable_path/Frameworks",
					"@loader_path/Frameworks",
				);
				PRODUCT_BUNDLE_IDENTIFIER = com.runoob.testUITests;
				PRODUCT_NAME = "$(TARGET_NAME)";
				SWIFT_VERSION = 5.0;
				TARGETED_DEVICE_FAMILY = "1,2";
				TEST_TARGET_NAME = test;
			};
			name = Debug;
		};
		4E4A9EFF265FBEBC00AA9553 /* Release */ = {
			isa = XCBuildConfiguration;
			buildSettings = {
				ALWAYS_EMBED_SWIFT_STANDARD_LIBRARIES = YES;
				CODE_SIGN_STYLE = Automatic;
				DEVELOPMENT_TEAM = 4VCY75T585;
				INFOPLIST_FILE = testUITests/Info.plist;
				LD_RUNPATH_SEARCH_PATHS = (
					"$(inherited)",
					"@executable_path/Frameworks",
					"@loader_path/Frameworks",
				);
				PRODUCT_BUNDLE_IDENTIFIER = com.runoob.testUITests;
				PRODUCT_NAME = "$(TARGET_NAME)";
				SWIFT_VERSION = 5.0;
				TARGETED_DEVICE_FAMILY = "1,2";
				TEST_TARGET_NAME = test;
			};
			name = Release;
		};
/* End XCBuildConfiguration section */

/* Begin XCConfigurationList section */
		4E4A9ECD265FBEBA00AA9553 /* Build configuration list for PBXProject "test" */ = {
			isa = XCConfigurationList;
			buildConfigurations = (
				4E4A9EF5265FBEBC00AA9553 /* Debug */,
				4E4A9EF6265FBEBC00AA9553 /* Release */,
			);
			defaultConfigurationIsVisible = 0;
			defaultConfigurationName = Release;
		};
		4E4A9EF7265FBEBC00AA9553 /* Build configuration list for PBXNativeTarget "test" */ = {
			isa = XCConfigurationList;
			buildConfigurations = (
				4E4A9EF8265FBEBC00AA9553 /* Debug */,
				4E4A9EF9265FBEBC00AA9553 /* Release */,
			);
			defaultConfigurationIsVisible = 0;
			defaultConfigurationName = Release;
		};
		4E4A9EFA265FBEBC00AA9553 /* Build configuration list for PBXNativeTarget "testTests" */ = {
			isa = XCConfigurationList;
			buildConfigurations = (
				4E4A9EFB265FBEBC00AA9553 /* Debug */,
				4E4A9EFC265FBEBC00AA9553 /* Release */,
			);
			defaultConfigurationIsVisible = 0;
			defaultConfigurationName = Release;
		};
		4E4A9EFD265FBEBC00AA9553 /* Build configuration list for PBXNativeTarget "testUITests" */ = {
			isa = XCConfigurationList;
			buildConfigurations = (
				4E4A9EFE265FBEBC00AA9553 /* Debug */,
				4E4A9EFF265FBEBC00AA9553 /* Release */,
			);
			defaultConfigurationIsVisible = 0;
			defaultConfigurationName = Release;
		};
/* End XCConfigurationList section */
	};
	rootObject = 4E4A9ECA265FBEBA00AA9553 /* Project object */;
}
